// !$*UTF8*$!
{
	archiveVersion = 1;
	classes = {
	};
	objectVersion = 46;
	objects = {

/* Begin PBXBuildFile section */
		850EAB481D51DDF400FF816E /* main.m in Sources */ = {isa = PBXBuildFile; fileRef = 850EAB471D51DDF400FF816E /* main.m */; };
		850EAB4B1D51DDF400FF816E /* AppDelegate.m in Sources */ = {isa = PBXBuildFile; fileRef = 850EAB4A1D51DDF400FF816E /* AppDelegate.m */; };
		850EAB4E1D51DDF400FF816E /* ViewController.m in Sources */ = {isa = PBXBuildFile; fileRef = 850EAB4D1D51DDF400FF816E /* ViewController.m */; };
		850EAB511D51DDF400FF816E /* Main.storyboard in Resources */ = {isa = PBXBuildFile; fileRef = 850EAB4F1D51DDF400FF816E /* Main.storyboard */; };
		850EAB531D51DDF400FF816E /* Assets.xcassets in Resources */ = {isa = PBXBuildFile; fileRef = 850EAB521D51DDF400FF816E /* Assets.xcassets */; };
		850EAB561D51DDF400FF816E /* LaunchScreen.storyboard in Resources */ = {isa = PBXBuildFile; fileRef = 850EAB541D51DDF400FF816E /* LaunchScreen.storyboard */; };
		850EAB611D51DDF400FF816E /* Adapter_patternTests.m in Sources */ = {isa = PBXBuildFile; fileRef = 850EAB601D51DDF400FF816E /* Adapter_patternTests.m */; };
		850EAB6C1D51DDF400FF816E /* Adapter_patternUITests.m in Sources */ = {isa = PBXBuildFile; fileRef = 850EAB6B1D51DDF400FF816E /* Adapter_patternUITests.m */; };
		850EAB7B1D51E40A00FF816E /* BusinessCardView.m in Sources */ = {isa = PBXBuildFile; fileRef = 850EAB7A1D51E40A00FF816E /* BusinessCardView.m */; };
		850EAB7E1D51E6B200FF816E /* BusinessCardAdapter.m in Sources */ = {isa = PBXBuildFile; fileRef = 850EAB7D1D51E6B200FF816E /* BusinessCardAdapter.m */; };
		850EAB811D51E73D00FF816E /* DataModel.m in Sources */ = {isa = PBXBuildFile; fileRef = 850EAB801D51E73D00FF816E /* DataModel.m */; };
		850EAB841D51E81200FF816E /* ModelAdapter.m in Sources */ = {isa = PBXBuildFile; fileRef = 850EAB831D51E81200FF816E /* ModelAdapter.m */; };
		85631D171D52E4A500546FB3 /* NewDataModel.m in Sources */ = {isa = PBXBuildFile; fileRef = 85631D161D52E4A500546FB3 /* NewDataModel.m */; };
/* End PBXBuildFile section */

/* Begin PBXContainerItemProxy section */
		850EAB5D1D51DDF400FF816E /* PBXContainerItemProxy */ = {
			isa = PBXContainerItemProxy;
			containerPortal = 850EAB3B1D51DDF400FF816E /* Project object */;
			proxyType = 1;
			remoteGlobalIDString = 850EAB421D51DDF400FF816E;
			remoteInfo = "Adapter pattern";
		};
		850EAB681D51DDF400FF816E /* PBXContainerItemProxy */ = {
			isa = PBXContainerItemProxy;
			containerPortal = 850EAB3B1D51DDF400FF816E /* Project object */;
			proxyType = 1;
			remoteGlobalIDString = 850EAB421D51DDF400FF816E;
			remoteInfo = "Adapter pattern";
		};
/* End PBXContainerItemProxy section */

/* Begin PBXFileReference section */
		850EAB431D51DDF400FF816E /* Adapter pattern.app */ = {isa = PBXFileReference; explicitFileType = wrapper.application; includeInIndex = 0; path = "Adapter pattern.app"; sourceTree = BUILT_PRODUCTS_DIR; };
		850EAB471D51DDF400FF816E /* main.m */ = {isa = PBXFileReference; lastKnownFileType = sourcecode.c.objc; path = main.m; sourceTree = "<group>"; };
		850EAB491D51DDF400FF816E /* AppDelegate.h */ = {isa = PBXFileReference; lastKnownFileType = sourcecode.c.h; path = AppDelegate.h; sourceTree = "<group>"; };
		850EAB4A1D51DDF400FF816E /* AppDelegate.m */ = {isa = PBXFileReference; lastKnownFileType = sourcecode.c.objc; path = AppDelegate.m; sourceTree = "<group>"; };
		850EAB4C1D51DDF400FF816E /* ViewController.h */ = {isa = PBXFileReference; lastKnownFileType = sourcecode.c.h; path = ViewController.h; sourceTree = "<group>"; };
		850EAB4D1D51DDF400FF816E /* ViewController.m */ = {isa = PBXFileReference; lastKnownFileType = sourcecode.c.objc; path = ViewController.m; sourceTree = "<group>"; };
		850EAB501D51DDF400FF816E /* Base */ = {isa = PBXFileReference; lastKnownFileType = file.storyboard; name = Base; path = Base.lproj/Main.storyboard; sourceTree = "<group>"; };
		850EAB521D51DDF400FF816E /* Assets.xcassets */ = {isa = PBXFileReference; lastKnownFileType = folder.assetcatalog; path = Assets.xcassets; sourceTree = "<group>"; };
		850EAB551D51DDF400FF816E /* Base */ = {isa = PBXFileReference; lastKnownFileType = file.storyboard; name = Base; path = Base.lproj/LaunchScreen.storyboard; sourceTree = "<group>"; };
		850EAB571D51DDF400FF816E /* Info.plist */ = {isa = PBXFileReference; lastKnownFileType = text.plist.xml; path = Info.plist; sourceTree = "<group>"; };
		850EAB5C1D51DDF400FF816E /* Adapter patternTests.xctest */ = {isa = PBXFileReference; explicitFileType = wrapper.cfbundle; includeInIndex = 0; path = "Adapter patternTests.xctest"; sourceTree = BUILT_PRODUCTS_DIR; };
		850EAB601D51DDF400FF816E /* Adapter_patternTests.m */ = {isa = PBXFileReference; lastKnownFileType = sourcecode.c.objc; path = Adapter_patternTests.m; sourceTree = "<group>"; };
		850EAB621D51DDF400FF816E /* Info.plist */ = {isa = PBXFileReference; lastKnownFileType = text.plist.xml; path = Info.plist; sourceTree = "<group>"; };
		850EAB671D51DDF400FF816E /* Adapter patternUITests.xctest */ = {isa = PBXFileReference; explicitFileType = wrapper.cfbundle; includeInIndex = 0; path = "Adapter patternUITests.xctest"; sourceTree = BUILT_PRODUCTS_DIR; };
		850EAB6B1D51DDF400FF816E /* Adapter_patternUITests.m */ = {isa = PBXFileReference; lastKnownFileType = sourcecode.c.objc; path = Adapter_patternUITests.m; sourceTree = "<group>"; };
		850EAB6D1D51DDF400FF816E /* Info.plist */ = {isa = PBXFileReference; lastKnownFileType = text.plist.xml; path = Info.plist; sourceTree = "<group>"; };
		850EAB791D51E40A00FF816E /* BusinessCardView.h */ = {isa = PBXFileReference; fileEncoding = 4; lastKnownFileType = sourcecode.c.h; path = BusinessCardView.h; sourceTree = "<group>"; };
		850EAB7A1D51E40A00FF816E /* BusinessCardView.m */ = {isa = PBXFileReference; fileEncoding = 4; lastKnownFileType = sourcecode.c.objc; path = BusinessCardView.m; sourceTree = "<group>"; };
		850EAB7C1D51E6B200FF816E /* BusinessCardAdapter.h */ = {isa = PBXFileReference; fileEncoding = 4; lastKnownFileType = sourcecode.c.h; path = BusinessCardAdapter.h; sourceTree = "<group>"; };
		850EAB7D1D51E6B200FF816E /* BusinessCardAdapter.m */ = {isa = PBXFileReference; fileEncoding = 4; lastKnownFileType = sourcecode.c.objc; path = BusinessCardAdapter.m; sourceTree = "<group>"; };
		850EAB7F1D51E73D00FF816E /* DataModel.h */ = {isa = PBXFileReference; fileEncoding = 4; lastKnownFileType = sourcecode.c.h; path = DataModel.h; sourceTree = "<group>"; };
		850EAB801D51E73D00FF816E /* DataModel.m */ = {isa = PBXFileReference; fileEncoding = 4; lastKnownFileType = sourcecode.c.objc; path = DataModel.m; sourceTree = "<group>"; };
		850EAB821D51E81200FF816E /* ModelAdapter.h */ = {isa = PBXFileReference; fileEncoding = 4; lastKnownFileType = sourcecode.c.h; path = ModelAdapter.h; sourceTree = "<group>"; };
		850EAB831D51E81200FF816E /* ModelAdapter.m */ = {isa = PBXFileReference; fileEncoding = 4; lastKnownFileType = sourcecode.c.objc; path = ModelAdapter.m; sourceTree = "<group>"; };
		85631D151D52E4A500546FB3 /* NewDataModel.h */ = {isa = PBXFileReference; fileEncoding = 4; lastKnownFileType = sourcecode.c.h; path = NewDataModel.h; sourceTree = "<group>"; };
		85631D161D52E4A500546FB3 /* NewDataModel.m */ = {isa = PBXFileReference; fileEncoding = 4; lastKnownFileType = sourcecode.c.objc; path = NewDataModel.m; sourceTree = "<group>"; };
/* End PBXFileReference section */

/* Begin PBXFrameworksBuildPhase section */
		850EAB401D51DDF400FF816E /* Frameworks */ = {
			isa = PBXFrameworksBuildPhase;
			buildActionMask = 2147483647;
			files = (
			);
			runOnlyForDeploymentPostprocessing = 0;
		};
		850EAB591D51DDF400FF816E /* Frameworks */ = {
			isa = PBXFrameworksBuildPhase;
			buildActionMask = 2147483647;
			files = (
			);
			runOnlyForDeploymentPostprocessing = 0;
		};
		850EAB641D51DDF400FF816E /* Frameworks */ = {
			isa = PBXFrameworksBuildPhase;
			buildActionMask = 2147483647;
			files = (
			);
			runOnlyForDeploymentPostprocessing = 0;
		};
/* End PBXFrameworksBuildPhase section */

/* Begin PBXGroup section */
		850EAB3A1D51DDF400FF816E = {
			isa = PBXGroup;
			children = (
				850EAB451D51DDF400FF816E /* Adapter pattern */,
				850EAB5F1D51DDF400FF816E /* Adapter patternTests */,
				850EAB6A1D51DDF400FF816E /* Adapter patternUITests */,
				850EAB441D51DDF400FF816E /* Products */,
			);
			sourceTree = "<group>";
		};
		850EAB441D51DDF400FF816E /* Products */ = {
			isa = PBXGroup;
			children = (
				850EAB431D51DDF400FF816E /* Adapter pattern.app */,
				850EAB5C1D51DDF400FF816E /* Adapter patternTests.xctest */,
				850EAB671D51DDF400FF816E /* Adapter patternUITests.xctest */,
			);
			name = Products;
			sourceTree = "<group>";
		};
		850EAB451D51DDF400FF816E /* Adapter pattern */ = {
			isa = PBXGroup;
			children = (
				850EAB491D51DDF400FF816E /* AppDelegate.h */,
				850EAB4A1D51DDF400FF816E /* AppDelegate.m */,
				85631D141D52E44F00546FB3 /* View */,
				85631D131D52E42C00546FB3 /* Adapter */,
				85631D121D52E42300546FB3 /* Models */,
				850EAB4C1D51DDF400FF816E /* ViewController.h */,
				850EAB4D1D51DDF400FF816E /* ViewController.m */,
				850EAB4F1D51DDF400FF816E /* Main.storyboard */,
				850EAB521D51DDF400FF816E /* Assets.xcassets */,
				850EAB541D51DDF400FF816E /* LaunchScreen.storyboard */,
				850EAB571D51DDF400FF816E /* Info.plist */,
				850EAB461D51DDF400FF816E /* Supporting Files */,
			);
			path = "Adapter pattern";
			sourceTree = "<group>";
		};
		850EAB461D51DDF400FF816E /* Supporting Files */ = {
			isa = PBXGroup;
			children = (
				850EAB471D51DDF400FF816E /* main.m */,
			);
			name = "Supporting Files";
			sourceTree = "<group>";
		};
		850EAB5F1D51DDF400FF816E /* Adapter patternTests */ = {
			isa = PBXGroup;
			children = (
				850EAB601D51DDF400FF816E /* Adapter_patternTests.m */,
				850EAB621D51DDF400FF816E /* Info.plist */,
			);
			path = "Adapter patternTests";
			sourceTree = "<group>";
		};
		850EAB6A1D51DDF400FF816E /* Adapter patternUITests */ = {
			isa = PBXGroup;
			children = (
				850EAB6B1D51DDF400FF816E /* Adapter_patternUITests.m */,
				850EAB6D1D51DDF400FF816E /* Info.plist */,
			);
			path = "Adapter patternUITests";
			sourceTree = "<group>";
		};
		85631D121D52E42300546FB3 /* Models */ = {
			isa = PBXGroup;
			children = (
				850EAB7F1D51E73D00FF816E /* DataModel.h */,
				850EAB801D51E73D00FF816E /* DataModel.m */,
				85631D151D52E4A500546FB3 /* NewDataModel.h */,
				85631D161D52E4A500546FB3 /* NewDataModel.m */,
			);
			name = Models;
			sourceTree = "<group>";
		};
		85631D131D52E42C00546FB3 /* Adapter */ = {
			isa = PBXGroup;
			children = (
				850EAB7C1D51E6B200FF816E /* BusinessCardAdapter.h */,
				850EAB7D1D51E6B200FF816E /* BusinessCardAdapter.m */,
				850EAB821D51E81200FF816E /* ModelAdapter.h */,
				850EAB831D51E81200FF816E /* ModelAdapter.m */,
			);
			name = Adapter;
			sourceTree = "<group>";
		};
		85631D141D52E44F00546FB3 /* View */ = {
			isa = PBXGroup;
			children = (
				850EAB791D51E40A00FF816E /* BusinessCardView.h */,
				850EAB7A1D51E40A00FF816E /* BusinessCardView.m */,
			);
			name = View;
			sourceTree = "<group>";
		};
/* End PBXGroup section */

/* Begin PBXNativeTarget section */
		850EAB421D51DDF400FF816E /* Adapter pattern */ = {
			isa = PBXNativeTarget;
			buildConfigurationList = 850EAB701D51DDF400FF816E /* Build configuration list for PBXNativeTarget "Adapter pattern" */;
			buildPhases = (
				850EAB3F1D51DDF400FF816E /* Sources */,
				850EAB401D51DDF400FF816E /* Frameworks */,
				850EAB411D51DDF400FF816E /* Resources */,
			);
			buildRules = (
			);
			dependencies = (
			);
			name = "Adapter pattern";
			productName = "Adapter pattern";
			productReference = 850EAB431D51DDF400FF816E /* Adapter pattern.app */;
			productType = "com.apple.product-type.application";
		};
		850EAB5B1D51DDF400FF816E /* Adapter patternTests */ = {
			isa = PBXNativeTarget;
			buildConfigurationList = 850EAB731D51DDF400FF816E /* Build configuration list for PBXNativeTarget "Adapter patternTests" */;
			buildPhases = (
				850EAB581D51DDF400FF816E /* Sources */,
				850EAB591D51DDF400FF816E /* Frameworks */,
				850EAB5A1D51DDF400FF816E /* Resources */,
			);
			buildRules = (
			);
			dependencies = (
				850EAB5E1D51DDF400FF816E /* PBXTargetDependency */,
			);
			name = "Adapter patternTests";
			productName = "Adapter patternTests";
			productReference = 850EAB5C1D51DDF400FF816E /* Adapter patternTests.xctest */;
			productType = "com.apple.product-type.bundle.unit-test";
		};
		850EAB661D51DDF400FF816E /* Adapter patternUITests */ = {
			isa = PBXNativeTarget;
			buildConfigurationList = 850EAB761D51DDF400FF816E /* Build configuration list for PBXNativeTarget "Adapter patternUITests" */;
			buildPhases = (
				850EAB631D51DDF400FF816E /* Sources */,
				850EAB641D51DDF400FF816E /* Frameworks */,
				850EAB651D51DDF400FF816E /* Resources */,
			);
			buildRules = (
			);
			dependencies = (
				850EAB691D51DDF400FF816E /* PBXTargetDependency */,
			);
			name = "Adapter patternUITests";
			productName = "Adapter patternUITests";
			productReference = 850EAB671D51DDF400FF816E /* Adapter patternUITests.xctest */;
			productType = "com.apple.product-type.bundle.ui-testing";
		};
/* End PBXNativeTarget section */

/* Begin PBXProject section */
		850EAB3B1D51DDF400FF816E /* Project object */ = {
			isa = PBXProject;
			attributes = {
				LastUpgradeCheck = 0730;
				ORGANIZATIONNAME = Monstar;
				TargetAttributes = {
					850EAB421D51DDF400FF816E = {
						CreatedOnToolsVersion = 7.3.1;
					};
					850EAB5B1D51DDF400FF816E = {
						CreatedOnToolsVersion = 7.3.1;
						TestTargetID = 850EAB421D51DDF400FF816E;
					};
					850EAB661D51DDF400FF816E = {
						CreatedOnToolsVersion = 7.3.1;
						TestTargetID = 850EAB421D51DDF400FF816E;
					};
				};
			};
			buildConfigurationList = 850EAB3E1D51DDF400FF816E /* Build configuration list for PBXProject "Adapter pattern" */;
			compatibilityVersion = "Xcode 3.2";
			developmentRegion = English;
			hasScannedForEncodings = 0;
			knownRegions = (
				en,
				Base,
			);
			mainGroup = 850EAB3A1D51DDF400FF816E;
			productRefGroup = 850EAB441D51DDF400FF816E /* Products */;
			projectDirPath = "";
			projectRoot = "";
			targets = (
				850EAB421D51DDF400FF816E /* Adapter pattern */,
				850EAB5B1D51DDF400FF816E /* Adapter patternTests */,
				850EAB661D51DDF400FF816E /* Adapter patternUITests */,
			);
		};
/* End PBXProject section */

/* Begin PBXResourcesBuildPhase section */
		850EAB411D51DDF400FF816E /* Resources */ = {
			isa = PBXResourcesBuildPhase;
			buildActionMask = 2147483647;
			files = (
				850EAB561D51DDF400FF816E /* LaunchScreen.storyboard in Resources */,
				850EAB531D51DDF400FF816E /* Assets.xcassets in Resources */,
				850EAB511D51DDF400FF816E /* Main.storyboard in Resources */,
			);
			runOnlyForDeploymentPostprocessing = 0;
		};
		850EAB5A1D51DDF400FF816E /* Resources */ = {
			isa = PBXResourcesBuildPhase;
			buildActionMask = 2147483647;
			files = (
			);
			runOnlyForDeploymentPostprocessing = 0;
		};
		850EAB651D51DDF400FF816E /* Resources */ = {
			isa = PBXResourcesBuildPhase;
			buildActionMask = 2147483647;
			files = (
			);
			runOnlyForDeploymentPostprocessing = 0;
		};
/* End PBXResourcesBuildPhase section */

/* Begin PBXSourcesBuildPhase section */
		850EAB3F1D51DDF400FF816E /* Sources */ = {
			isa = PBXSourcesBuildPhase;
			buildActionMask = 2147483647;
			files = (
				850EAB4E1D51DDF400FF816E /* ViewController.m in Sources */,
				850EAB4B1D51DDF400FF816E /* AppDelegate.m in Sources */,
				850EAB841D51E81200FF816E /* ModelAdapter.m in Sources */,
				850EAB7E1D51E6B200FF816E /* BusinessCardAdapter.m in Sources */,
				850EAB7B1D51E40A00FF816E /* BusinessCardView.m in Sources */,
				850EAB481D51DDF400FF816E /* main.m in Sources */,
				85631D171D52E4A500546FB3 /* NewDataModel.m in Sources */,
				850EAB811D51E73D00FF816E /* DataModel.m in Sources */,
			);
			runOnlyForDeploymentPostprocessing = 0;
		};
		850EAB581D51DDF400FF816E /* Sources */ = {
			isa = PBXSourcesBuildPhase;
			buildActionMask = 2147483647;
			files = (
				850EAB611D51DDF400FF816E /* Adapter_patternTests.m in Sources */,
			);
			runOnlyForDeploymentPostprocessing = 0;
		};
		850EAB631D51DDF400FF816E /* Sources */ = {
			isa = PBXSourcesBuildPhase;
			buildActionMask = 2147483647;
			files = (
				850EAB6C1D51DDF400FF816E /* Adapter_patternUITests.m in Sources */,
			);
			runOnlyForDeploymentPostprocessing = 0;
		};
/* End PBXSourcesBuildPhase section */

/* Begin PBXTargetDependency section */
		850EAB5E1D51DDF400FF816E /* PBXTargetDependency */ = {
			isa = PBXTargetDependency;
			target = 850EAB421D51DDF400FF816E /* Adapter pattern */;
			targetProxy = 850EAB5D1D51DDF400FF816E /* PBXContainerItemProxy */;
		};
		850EAB691D51DDF400FF816E /* PBXTargetDependency */ = {
			isa = PBXTargetDependency;
			target = 850EAB421D51DDF400FF816E /* Adapter pattern */;
			targetProxy = 850EAB681D51DDF400FF816E /* PBXContainerItemProxy */;
		};
/* End PBXTargetDependency section */

/* Begin PBXVariantGroup section */
		850EAB4F1D51DDF400FF816E /* Main.storyboard */ = {
			isa = PBXVariantGroup;
			children = (
				850EAB501D51DDF400FF816E /* Base */,
			);
			name = Main.storyboard;
			sourceTree = "<group>";
		};
		850EAB541D51DDF400FF816E /* LaunchScreen.storyboard */ = {
			isa = PBXVariantGroup;
			children = (
				850EAB551D51DDF400FF816E /* Base */,
			);
			name = LaunchScreen.storyboard;
			sourceTree = "<group>";
		};
/* End PBXVariantGroup section */

/* Begin XCBuildConfiguration section */
		850EAB6E1D51DDF400FF816E /* Debug */ = {
			isa = XCBuildConfiguration;
			buildSettings = {
				ALWAYS_SEARCH_USER_PATHS = NO;
				CLANG_ANALYZER_NONNULL = YES;
				CLANG_CXX_LANGUAGE_STANDARD = "gnu++0x";
				CLANG_CXX_LIBRARY = "libc++";
				CLANG_ENABLE_MODULES = YES;
				CLANG_ENABLE_OBJC_ARC = YES;
				CLANG_WARN_BOOL_CONVERSION = YES;
				CLANG_WARN_CONSTANT_CONVERSION = YES;
				CLANG_WARN_DIRECT_OBJC_ISA_USAGE = YES_ERROR;
				CLANG_WARN_EMPTY_BODY = YES;
				CLANG_WARN_ENUM_CONVERSION = YES;
				CLANG_WARN_INT_CONVERSION = YES;
				CLANG_WARN_OBJC_ROOT_CLASS = YES_ERROR;
				CLANG_WARN_UNREACHABLE_CODE = YES;
				CLANG_WARN__DUPLICATE_METHOD_MATCH = YES;
				"CODE_SIGN_IDENTITY[sdk=iphoneos*]" = "iPhone Developer";
				COPY_PHASE_STRIP = NO;
				DEBUG_INFORMATION_FORMAT = dwarf;
				ENABLE_STRICT_OBJC_MSGSEND = YES;
				ENABLE_TESTABILITY = YES;
				GCC_C_LANGUAGE_STANDARD = gnu99;
				GCC_DYNAMIC_NO_PIC = NO;
				GCC_NO_COMMON_BLOCKS = YES;
				GCC_OPTIMIZATION_LEVEL = 0;
				GCC_PREPROCESSOR_DEFINITIONS = (
					"DEBUG=1",
					"$(inherited)",
				);
				GCC_WARN_64_TO_32_BIT_CONVERSION = YES;
				GCC_WARN_ABOUT_RETURN_TYPE = YES_ERROR;
				GCC_WARN_UNDECLARED_SELECTOR = YES;
				GCC_WARN_UNINITIALIZED_AUTOS = YES_AGGRESSIVE;
				GCC_WARN_UNUSED_FUNCTION = YES;
				GCC_WARN_UNUSED_VARIABLE = YES;
				IPHONEOS_DEPLOYMENT_TARGET = 9.3;
				MTL_ENABLE_DEBUG_INFO = YES;
				ONLY_ACTIVE_ARCH = YES;
				SDKROOT = iphoneos;
				TARGETED_DEVICE_FAMILY = "1,2";
			};
			name = Debug;
		};
		850EAB6F1D51DDF400FF816E /* Release */ = {
			isa = XCBuildConfiguration;
			buildSettings = {
				ALWAYS_SEARCH_USER_PATHS = NO;
				CLANG_ANALYZER_NONNULL = YES;
				CLANG_CXX_LANGUAGE_STANDARD = "gnu++0x";
				CLANG_CXX_LIBRARY = "libc++";
				CLANG_ENABLE_MODULES = YES;
				CLANG_ENABLE_OBJC_ARC = YES;
				CLANG_WARN_BOOL_CONVERSION = YES;
				CLANG_WARN_CONSTANT_CONVERSION = YES;
				CLANG_WARN_DIRECT_OBJC_ISA_USAGE = YES_ERROR;
				CLANG_WARN_EMPTY_BODY = YES;
				CLANG_WARN_ENUM_CONVERSION = YES;
				CLANG_WARN_INT_CONVERSION = YES;
				CLANG_WARN_OBJC_ROOT_CLASS = YES_ERROR;
				CLANG_WARN_UNREACHABLE_CODE = YES;
				CLANG_WARN__DUPLICATE_METHOD_MATCH = YES;
				"CODE_SIGN_IDENTITY[sdk=iphoneos*]" = "iPhone Developer";
				COPY_PHASE_STRIP = NO;
				DEBUG_INFORMATION_FORMAT = "dwarf-with-dsym";
				ENABLE_NS_ASSERTIONS = NO;
				ENABLE_STRICT_OBJC_MSGSEND = YES;
				GCC_C_LANGUAGE_STANDARD = gnu99;
				GCC_NO_COMMON_BLOCKS = YES;
				GCC_WARN_64_TO_32_BIT_CONVERSION = YES;
				GCC_WARN_ABOUT_RETURN_TYPE = YES_ERROR;
				GCC_WARN_UNDECLARED_SELECTOR = YES;
				GCC_WARN_UNINITIALIZED_AUTOS = YES_AGGRESSIVE;
				GCC_WARN_UNUSED_FUNCTION = YES;
				GCC_WARN_UNUSED_VARIABLE = YES;
				IPHONEOS_DEPLOYMENT_TARGET = 9.3;
				MTL_ENABLE_DEBUG_INFO = NO;
				SDKROOT = iphoneos;
				TARGETED_DEVICE_FAMILY = "1,2";
				VALIDATE_PRODUCT = YES;
			};
			name = Release;
		};
		850EAB711D51DDF400FF816E /* Debug */ = {
			isa = XCBuildConfiguration;
			buildSettings = {
				ASSETCATALOG_COMPILER_APPICON_NAME = AppIcon;
				INFOPLIST_FILE = "Adapter pattern/Info.plist";
				LD_RUNPATH_SEARCH_PATHS = "$(inherited) @executable_path/Frameworks";
				PRODUCT_BUNDLE_IDENTIFIER = "com.Adapter-pattern.com.Adapter-pattern";
				PRODUCT_NAME = "$(TARGET_NAME)";
			};
			name = Debug;
		};
		850EAB721D51DDF400FF816E /* Release */ = {
			isa = XCBuildConfiguration;
			buildSettings = {
				ASSETCATALOG_COMPILER_APPICON_NAME = AppIcon;
				INFOPLIST_FILE = "Adapter pattern/Info.plist";
				LD_RUNPATH_SEARCH_PATHS = "$(inherited) @executable_path/Frameworks";
				PRODUCT_BUNDLE_IDENTIFIER = "com.Adapter-pattern.com.Adapter-pattern";
				PRODUCT_NAME = "$(TARGET_NAME)";
			};
			name = Release;
		};
		850EAB741D51DDF400FF816E /* Debug */ = {
			isa = XCBuildConfiguration;
			buildSettings = {
				BUNDLE_LOADER = "$(TEST_HOST)";
				INFOPLIST_FILE = "Adapter patternTests/Info.plist";
				LD_RUNPATH_SEARCH_PATHS = "$(inherited) @executable_path/Frameworks @loader_path/Frameworks";
				PRODUCT_BUNDLE_IDENTIFIER = "com.Adapter-pattern.com.Adapter-patternTests";
				PRODUCT_NAME = "$(TARGET_NAME)";
				TEST_HOST = "$(BUILT_PRODUCTS_DIR)/Adapter pattern.app/Adapter pattern";
			};
			name = Debug;
		};
		850EAB751D51DDF400FF816E /* Release */ = {
			isa = XCBuildConfiguration;
			buildSettings = {
				BUNDLE_LOADER = "$(TEST_HOST)";
				INFOPLIST_FILE = "Adapter patternTests/Info.plist";
				LD_RUNPATH_SEARCH_PATHS = "$(inherited) @executable_path/Frameworks @loader_path/Frameworks";
				PRODUCT_BUNDLE_IDENTIFIER = "com.Adapter-pattern.com.Adapter-patternTests";
				PRODUCT_NAME = "$(TARGET_NAME)";
				TEST_HOST = "$(BUILT_PRODUCTS_DIR)/Adapter pattern.app/Adapter pattern";
			};
			name = Release;
		};
		850EAB771D51DDF400FF816E /* Debug */ = {
			isa = XCBuildConfiguration;
			buildSettings = {
				INFOPLIST_FILE = "Adapter patternUITests/Info.plist";
				LD_RUNPATH_SEARCH_PATHS = "$(inherited) @executable_path/Frameworks @loader_path/Frameworks";
				PRODUCT_BUNDLE_IDENTIFIER = "com.Adapter-pattern.com.Adapter-patternUITests";
				PRODUCT_NAME = "$(TARGET_NAME)";
				TEST_TARGET_NAME = "Adapter pattern";
			};
			name = Debug;
		};
		850EAB781D51DDF400FF816E /* Release */ = {
			isa = XCBuildConfiguration;
			buildSettings = {
				INFOPLIST_FILE = "Adapter patternUITests/Info.plist";
				LD_RUNPATH_SEARCH_PATHS = "$(inherited) @executable_path/Frameworks @loader_path/Frameworks";
				PRODUCT_BUNDLE_IDENTIFIER = "com.Adapter-pattern.com.Adapter-patternUITests";
				PRODUCT_NAME = "$(TARGET_NAME)";
				TEST_TARGET_NAME = "Adapter pattern";
			};
			name = Release;
		};
/* End XCBuildConfiguration section */

/* Begin XCConfigurationList section */
		850EAB3E1D51DDF400FF816E /* Build configuration list for PBXProject "Adapter pattern" */ = {
			isa = XCConfigurationList;
			buildConfigurations = (
				850EAB6E1D51DDF400FF816E /* Debug */,
				850EAB6F1D51DDF400FF816E /* Release */,
			);
			defaultConfigurationIsVisible = 0;
			defaultConfigurationName = Release;
		};
		850EAB701D51DDF400FF816E /* Build configuration list for PBXNativeTarget "Adapter pattern" */ = {
			isa = XCConfigurationList;
			buildConfigurations = (
				850EAB711D51DDF400FF816E /* Debug */,
				850EAB721D51DDF400FF816E /* Release */,
			);
			defaultConfigurationIsVisible = 0;
			defaultConfigurationName = Release;
		};
		850EAB731D51DDF400FF816E /* Build configuration list for PBXNativeTarget "Adapter patternTests" */ = {
			isa = XCConfigurationList;
			buildConfigurations = (
				850EAB741D51DDF400FF816E /* Debug */,
				850EAB751D51DDF400FF816E /* Release */,
			);
			defaultConfigurationIsVisible = 0;
			defaultConfigurationName = Release;
		};
		850EAB761D51DDF400FF816E /* Build configuration list for PBXNativeTarget "Adapter patternUITests" */ = {
			isa = XCConfigurationList;
			buildConfigurations = (
				850EAB771D51DDF400FF816E /* Debug */,
				850EAB781D51DDF400FF816E /* Release */,
			);
			defaultConfigurationIsVisible = 0;
			defaultConfigurationName = Release;
		};
/* End XCConfigurationList section */
	};
	rootObject = 850EAB3B1D51DDF400FF816E /* Project object */;
}
